
Microsoft Visual Studio Solution File, Format Version 12.00
# Visual Studio Version 16
VisualStudioVersion = 16.0.30011.22
MinimumVisualStudioVersion = 10.0.40219.1
Project("{FAE04EC0-301F-11D3-BF4B-00C04F79EFBC}") = "SalesWebMvc", "SalesWebMvc\SalesWebMvc.csproj", "{2D02ED67-AFCC-474C-B1CA-E8E368B8F993}"
EndProject
Global
	GlobalSection(SolutionConfigurationPlatforms) = preSolution
		Debug|Any CPU = Debug|Any CPU
		Release|Any CPU = Release|Any CPU
	EndGlobalSection
	GlobalSection(ProjectConfigurationPlatforms) = postSolution
		{2D02ED67-AFCC-474C-B1CA-E8E368B8F993}.Debug|Any CPU.ActiveCfg = Debug|Any CPU
		{2D02ED67-AFCC-474C-B1CA-E8E368B8F993}.Debug|Any CPU.Build.0 = Debug|Any CPU
		{2D02ED67-AFCC-474C-B1CA-E8E368B8F993}.Release|Any CPU.ActiveCfg = Release|Any CPU
		{2D02ED67-AFCC-474C-B1CA-E8E368B8F993}.Release|Any CPU.Build.0 = Release|Any CPU
	EndGlobalSection
	GlobalSection(SolutionProperties) = preSolution
		HideSolutionNode = FALSE
	EndGlobalSection
	GlobalSection(ExtensibilityGlobals) = postSolution
		SolutionGuid = {D87968F0-3D93-4C8E-B041-1CCBE01A52D9}
	EndGlobalSection
EndGlobal
